// !$*UTF8*$!
{
	archiveVersion = 1;
	classes = {
	};
	objectVersion = 56;
	objects = {

/* Begin PBXBuildFile section */
		0A88A0942A8BDA60006C630F /* Assets.xcassets in Resources */ = {isa = PBXBuildFile; fileRef = 0A88A0932A8BDA60006C630F /* Assets.xcassets */; };
		0A88A0962A8BDBC2006C630F /* MovieDetail.storyboard in Resources */ = {isa = PBXBuildFile; fileRef = 0A88A0952A8BDBC2006C630F /* MovieDetail.storyboard */; };
		0A88A0982A8BDBDE006C630F /* ManageMovie.storyboard in Resources */ = {isa = PBXBuildFile; fileRef = 0A88A0972A8BDBDE006C630F /* ManageMovie.storyboard */; };
		0A88A09C2A8BDC29006C630F /* SearchMovie.storyboard in Resources */ = {isa = PBXBuildFile; fileRef = 0A88A09B2A8BDC29006C630F /* SearchMovie.storyboard */; };
		0A88A09E2A8BDC37006C630F /* RateMovie.storyboard in Resources */ = {isa = PBXBuildFile; fileRef = 0A88A09D2A8BDC37006C630F /* RateMovie.storyboard */; };
		0A88A0A02A8BDC48006C630F /* ViewMovie.storyboard in Resources */ = {isa = PBXBuildFile; fileRef = 0A88A09F2A8BDC48006C630F /* ViewMovie.storyboard */; };
		0A88A0A22A8BDC56006C630F /* Favourites.storyboard in Resources */ = {isa = PBXBuildFile; fileRef = 0A88A0A12A8BDC56006C630F /* Favourites.storyboard */; };
		0A88A0A42A8BDC61006C630F /* RateHistory.storyboard in Resources */ = {isa = PBXBuildFile; fileRef = 0A88A0A32A8BDC61006C630F /* RateHistory.storyboard */; };
		0A88A0A72A8BDC9E006C630F /* Settings.storyboard in Resources */ = {isa = PBXBuildFile; fileRef = 0A88A0A62A8BDC9E006C630F /* Settings.storyboard */; };
		0A88A0A92A8BDCAF006C630F /* FAQs.storyboard in Resources */ = {isa = PBXBuildFile; fileRef = 0A88A0A82A8BDCAF006C630F /* FAQs.storyboard */; };
		0A88A0AB2A8BDCBC006C630F /* ManageAccount.storyboard in Resources */ = {isa = PBXBuildFile; fileRef = 0A88A0AA2A8BDCBC006C630F /* ManageAccount.storyboard */; };
		0A88A0AD2A8BDCC9006C630F /* ChangePassword.storyboard in Resources */ = {isa = PBXBuildFile; fileRef = 0A88A0AC2A8BDCC9006C630F /* ChangePassword.storyboard */; };
		0A88A0AF2A8BDD13006C630F /* UserHome.storyboard in Resources */ = {isa = PBXBuildFile; fileRef = 0A88A0AE2A8BDD13006C630F /* UserHome.storyboard */; };
		0A88A0B12A8BDD1F006C630F /* AdminHome.storyboard in Resources */ = {isa = PBXBuildFile; fileRef = 0A88A0B02A8BDD1F006C630F /* AdminHome.storyboard */; };
		0A88A0B32A8BDE88006C630F /* Statistics.storyboard in Resources */ = {isa = PBXBuildFile; fileRef = 0A88A0B22A8BDE88006C630F /* Statistics.storyboard */; };
		0A88A0B62A8BE444006C630F /* SettingsViewController.swift in Sources */ = {isa = PBXBuildFile; fileRef = 0A88A0B52A8BE444006C630F /* SettingsViewController.swift */; };
		0A88A0B82A8BE6D6006C630F /* settings-5-fill.svg in Resources */ = {isa = PBXBuildFile; fileRef = 0A88A0B72A8BE6D6006C630F /* settings-5-fill.svg */; };
		0ACF3C322A8B36EE000AA6CB /* AppDelegate.swift in Sources */ = {isa = PBXBuildFile; fileRef = 0ACF3C312A8B36EE000AA6CB /* AppDelegate.swift */; };
		0ACF3C342A8B36EE000AA6CB /* SceneDelegate.swift in Sources */ = {isa = PBXBuildFile; fileRef = 0ACF3C332A8B36EE000AA6CB /* SceneDelegate.swift */; };
		0ACF3C362A8B36EE000AA6CB /* ViewController.swift in Sources */ = {isa = PBXBuildFile; fileRef = 0ACF3C352A8B36EE000AA6CB /* ViewController.swift */; };
		0ACF3C392A8B36EE000AA6CB /* Main.storyboard in Resources */ = {isa = PBXBuildFile; fileRef = 0ACF3C372A8B36EE000AA6CB /* Main.storyboard */; };
		0ACF3C3E2A8B36EF000AA6CB /* LaunchScreen.storyboard in Resources */ = {isa = PBXBuildFile; fileRef = 0ACF3C3C2A8B36EF000AA6CB /* LaunchScreen.storyboard */; };
		0ACF3C4A2A8B4CD1000AA6CB /* Stadia.xcdatamodeld in Sources */ = {isa = PBXBuildFile; fileRef = 0ACF3C482A8B4CD1000AA6CB /* Stadia.xcdatamodeld */; };
		0ACF3C4F2A8B5D37000AA6CB /* GradientView.swift in Sources */ = {isa = PBXBuildFile; fileRef = 0ACF3C4E2A8B5D37000AA6CB /* GradientView.swift */; };
		0ACF3C512A8B7628000AA6CB /* Register.storyboard in Resources */ = {isa = PBXBuildFile; fileRef = 0ACF3C502A8B7628000AA6CB /* Register.storyboard */; };
		0ACF3C552A8B83D0000AA6CB /* RegisterViewController.swift in Sources */ = {isa = PBXBuildFile; fileRef = 0ACF3C542A8B83D0000AA6CB /* RegisterViewController.swift */; };
		0ACF3C572A8B9803000AA6CB /* Login.storyboard in Resources */ = {isa = PBXBuildFile; fileRef = 0ACF3C562A8B9803000AA6CB /* Login.storyboard */; };
		0ACF3C592A8B9AB3000AA6CB /* LoginViewController.swift in Sources */ = {isa = PBXBuildFile; fileRef = 0ACF3C582A8B9AB3000AA6CB /* LoginViewController.swift */; };
		0ACF3C5F2A8B9EF7000AA6CB /* MovieList.storyboard in Resources */ = {isa = PBXBuildFile; fileRef = 0ACF3C5E2A8B9EF7000AA6CB /* MovieList.storyboard */; };
		0ACF3C652A8BA188000AA6CB /* MovieListViewController.swift in Sources */ = {isa = PBXBuildFile; fileRef = 0ACF3C642A8BA188000AA6CB /* MovieListViewController.swift */; };
/* End PBXBuildFile section */

/* Begin PBXFileReference section */
		0A88A0932A8BDA60006C630F /* Assets.xcassets */ = {isa = PBXFileReference; lastKnownFileType = folder.assetcatalog; path = Assets.xcassets; sourceTree = "<group>"; };
		0A88A0952A8BDBC2006C630F /* MovieDetail.storyboard */ = {isa = PBXFileReference; lastKnownFileType = file.storyboard; path = MovieDetail.storyboard; sourceTree = "<group>"; };
		0A88A0972A8BDBDE006C630F /* ManageMovie.storyboard */ = {isa = PBXFileReference; lastKnownFileType = file.storyboard; path = ManageMovie.storyboard; sourceTree = "<group>"; };
		0A88A09B2A8BDC29006C630F /* SearchMovie.storyboard */ = {isa = PBXFileReference; lastKnownFileType = file.storyboard; path = SearchMovie.storyboard; sourceTree = "<group>"; };
		0A88A09D2A8BDC37006C630F /* RateMovie.storyboard */ = {isa = PBXFileReference; lastKnownFileType = file.storyboard; path = RateMovie.storyboard; sourceTree = "<group>"; };
		0A88A09F2A8BDC48006C630F /* ViewMovie.storyboard */ = {isa = PBXFileReference; lastKnownFileType = file.storyboard; path = ViewMovie.storyboard; sourceTree = "<group>"; };
		0A88A0A12A8BDC56006C630F /* Favourites.storyboard */ = {isa = PBXFileReference; lastKnownFileType = file.storyboard; path = Favourites.storyboard; sourceTree = "<group>"; };
		0A88A0A32A8BDC61006C630F /* RateHistory.storyboard */ = {isa = PBXFileReference; lastKnownFileType = file.storyboard; path = RateHistory.storyboard; sourceTree = "<group>"; };
		0A88A0A62A8BDC9E006C630F /* Settings.storyboard */ = {isa = PBXFileReference; lastKnownFileType = file.storyboard; path = Settings.storyboard; sourceTree = "<group>"; };
		0A88A0A82A8BDCAF006C630F /* FAQs.storyboard */ = {isa = PBXFileReference; lastKnownFileType = file.storyboard; path = FAQs.storyboard; sourceTree = "<group>"; };
		0A88A0AA2A8BDCBC006C630F /* ManageAccount.storyboard */ = {isa = PBXFileReference; lastKnownFileType = file.storyboard; path = ManageAccount.storyboard; sourceTree = "<group>"; };
		0A88A0AC2A8BDCC9006C630F /* ChangePassword.storyboard */ = {isa = PBXFileReference; lastKnownFileType = file.storyboard; path = ChangePassword.storyboard; sourceTree = "<group>"; };
		0A88A0AE2A8BDD13006C630F /* UserHome.storyboard */ = {isa = PBXFileReference; lastKnownFileType = file.storyboard; path = UserHome.storyboard; sourceTree = "<group>"; };
		0A88A0B02A8BDD1F006C630F /* AdminHome.storyboard */ = {isa = PBXFileReference; lastKnownFileType = file.storyboard; path = AdminHome.storyboard; sourceTree = "<group>"; };
		0A88A0B22A8BDE88006C630F /* Statistics.storyboard */ = {isa = PBXFileReference; lastKnownFileType = file.storyboard; path = Statistics.storyboard; sourceTree = "<group>"; };
		0A88A0B52A8BE444006C630F /* SettingsViewController.swift */ = {isa = PBXFileReference; lastKnownFileType = sourcecode.swift; path = SettingsViewController.swift; sourceTree = "<group>"; };
		0A88A0B72A8BE6D6006C630F /* settings-5-fill.svg */ = {isa = PBXFileReference; fileEncoding = 4; lastKnownFileType = text; name = "settings-5-fill.svg"; path = "../../../Downloads/settings-5-fill.svg"; sourceTree = "<group>"; };
		0ACF3C2E2A8B36EE000AA6CB /* MAD CW2.app */ = {isa = PBXFileReference; explicitFileType = wrapper.application; includeInIndex = 0; path = "MAD CW2.app"; sourceTree = BUILT_PRODUCTS_DIR; };
		0ACF3C312A8B36EE000AA6CB /* AppDelegate.swift */ = {isa = PBXFileReference; lastKnownFileType = sourcecode.swift; path = AppDelegate.swift; sourceTree = "<group>"; };
		0ACF3C332A8B36EE000AA6CB /* SceneDelegate.swift */ = {isa = PBXFileReference; lastKnownFileType = sourcecode.swift; path = SceneDelegate.swift; sourceTree = "<group>"; };
		0ACF3C352A8B36EE000AA6CB /* ViewController.swift */ = {isa = PBXFileReference; lastKnownFileType = sourcecode.swift; path = ViewController.swift; sourceTree = "<group>"; };
		0ACF3C382A8B36EE000AA6CB /* Base */ = {isa = PBXFileReference; lastKnownFileType = file.storyboard; name = Base; path = Base.lproj/Main.storyboard; sourceTree = "<group>"; };
		0ACF3C3D2A8B36EF000AA6CB /* Base */ = {isa = PBXFileReference; lastKnownFileType = file.storyboard; name = Base; path = Base.lproj/LaunchScreen.storyboard; sourceTree = "<group>"; };
		0ACF3C3F2A8B36EF000AA6CB /* Info.plist */ = {isa = PBXFileReference; lastKnownFileType = text.plist.xml; path = Info.plist; sourceTree = "<group>"; };
		0ACF3C492A8B4CD1000AA6CB /* Stadia.xcdatamodel */ = {isa = PBXFileReference; lastKnownFileType = wrapper.xcdatamodel; path = Stadia.xcdatamodel; sourceTree = "<group>"; };
		0ACF3C4E2A8B5D37000AA6CB /* GradientView.swift */ = {isa = PBXFileReference; lastKnownFileType = sourcecode.swift; path = GradientView.swift; sourceTree = "<group>"; };
		0ACF3C502A8B7628000AA6CB /* Register.storyboard */ = {isa = PBXFileReference; lastKnownFileType = file.storyboard; path = Register.storyboard; sourceTree = "<group>"; };
		0ACF3C542A8B83D0000AA6CB /* RegisterViewController.swift */ = {isa = PBXFileReference; lastKnownFileType = sourcecode.swift; path = RegisterViewController.swift; sourceTree = "<group>"; };
		0ACF3C562A8B9803000AA6CB /* Login.storyboard */ = {isa = PBXFileReference; lastKnownFileType = file.storyboard; path = Login.storyboard; sourceTree = "<group>"; };
		0ACF3C582A8B9AB3000AA6CB /* LoginViewController.swift */ = {isa = PBXFileReference; lastKnownFileType = sourcecode.swift; path = LoginViewController.swift; sourceTree = "<group>"; };
		0ACF3C5E2A8B9EF7000AA6CB /* MovieList.storyboard */ = {isa = PBXFileReference; lastKnownFileType = file.storyboard; path = MovieList.storyboard; sourceTree = "<group>"; };
		0ACF3C642A8BA188000AA6CB /* MovieListViewController.swift */ = {isa = PBXFileReference; lastKnownFileType = sourcecode.swift; path = MovieListViewController.swift; sourceTree = "<group>"; };
/* End PBXFileReference section */

/* Begin PBXFrameworksBuildPhase section */
		0ACF3C2B2A8B36EE000AA6CB /* Frameworks */ = {
			isa = PBXFrameworksBuildPhase;
			buildActionMask = 2147483647;
			files = (
			);
			runOnlyForDeploymentPostprocessing = 0;
		};
/* End PBXFrameworksBuildPhase section */

/* Begin PBXGroup section */
		0A88A0A52A8BDC8C006C630F /* Common */ = {
			isa = PBXGroup;
			children = (
				0A88A0A62A8BDC9E006C630F /* Settings.storyboard */,
				0A88A0A82A8BDCAF006C630F /* FAQs.storyboard */,
				0A88A0AA2A8BDCBC006C630F /* ManageAccount.storyboard */,
				0A88A0AC2A8BDCC9006C630F /* ChangePassword.storyboard */,
			);
			path = Common;
			sourceTree = "<group>";
		};
		0A88A0B42A8BE430006C630F /* Common */ = {
			isa = PBXGroup;
			children = (
				0A88A0B52A8BE444006C630F /* SettingsViewController.swift */,
			);
			path = Common;
			sourceTree = "<group>";
		};
		0ACF3C252A8B36EE000AA6CB = {
			isa = PBXGroup;
			children = (
				0ACF3C302A8B36EE000AA6CB /* MAD CW2 */,
				0ACF3C2F2A8B36EE000AA6CB /* Products */,
			);
			sourceTree = "<group>";
		};
		0ACF3C2F2A8B36EE000AA6CB /* Products */ = {
			isa = PBXGroup;
			children = (
				0ACF3C2E2A8B36EE000AA6CB /* MAD CW2.app */,
			);
			name = Products;
			sourceTree = "<group>";
		};
		0ACF3C302A8B36EE000AA6CB /* MAD CW2 */ = {
			isa = PBXGroup;
			children = (
				0A88A0B72A8BE6D6006C630F /* settings-5-fill.svg */,
				0ACF3C472A8B4C89000AA6CB /* Controllers */,
				0ACF3C462A8B4C7D000AA6CB /* Storyboards */,
				0ACF3C452A8B4C76000AA6CB /* Models */,
				0ACF3C312A8B36EE000AA6CB /* AppDelegate.swift */,
				0ACF3C332A8B36EE000AA6CB /* SceneDelegate.swift */,
				0ACF3C3F2A8B36EF000AA6CB /* Info.plist */,
				0A88A0932A8BDA60006C630F /* Assets.xcassets */,
			);
			path = "MAD CW2";
			sourceTree = "<group>";
		};
		0ACF3C452A8B4C76000AA6CB /* Models */ = {
			isa = PBXGroup;
			children = (
				0ACF3C482A8B4CD1000AA6CB /* Stadia.xcdatamodeld */,
			);
			path = Models;
			sourceTree = "<group>";
		};
		0ACF3C462A8B4C7D000AA6CB /* Storyboards */ = {
			isa = PBXGroup;
			children = (
				0A88A0A52A8BDC8C006C630F /* Common */,
				0ACF3C5B2A8B9EC3000AA6CB /* User */,
				0ACF3C5A2A8B9EBC000AA6CB /* Admin */,
				0ACF3C372A8B36EE000AA6CB /* Main.storyboard */,
				0ACF3C3C2A8B36EF000AA6CB /* LaunchScreen.storyboard */,
				0ACF3C502A8B7628000AA6CB /* Register.storyboard */,
				0ACF3C562A8B9803000AA6CB /* Login.storyboard */,
			);
			path = Storyboards;
			sourceTree = "<group>";
		};
		0ACF3C472A8B4C89000AA6CB /* Controllers */ = {
			isa = PBXGroup;
			children = (
				0A88A0B42A8BE430006C630F /* Common */,
				0ACF3C632A8BA172000AA6CB /* User */,
				0ACF3C622A8BA16B000AA6CB /* Admin */,
				0ACF3C352A8B36EE000AA6CB /* ViewController.swift */,
				0ACF3C4E2A8B5D37000AA6CB /* GradientView.swift */,
				0ACF3C542A8B83D0000AA6CB /* RegisterViewController.swift */,
				0ACF3C582A8B9AB3000AA6CB /* LoginViewController.swift */,
			);
			path = Controllers;
			sourceTree = "<group>";
		};
		0ACF3C5A2A8B9EBC000AA6CB /* Admin */ = {
			isa = PBXGroup;
			children = (
				0ACF3C5E2A8B9EF7000AA6CB /* MovieList.storyboard */,
				0A88A0952A8BDBC2006C630F /* MovieDetail.storyboard */,
				0A88A0972A8BDBDE006C630F /* ManageMovie.storyboard */,
				0A88A0B02A8BDD1F006C630F /* AdminHome.storyboard */,
			);
			path = Admin;
			sourceTree = "<group>";
		};
		0ACF3C5B2A8B9EC3000AA6CB /* User */ = {
			isa = PBXGroup;
			children = (
				0A88A09B2A8BDC29006C630F /* SearchMovie.storyboard */,
				0A88A09D2A8BDC37006C630F /* RateMovie.storyboard */,
				0A88A09F2A8BDC48006C630F /* ViewMovie.storyboard */,
				0A88A0A12A8BDC56006C630F /* Favourites.storyboard */,
				0A88A0A32A8BDC61006C630F /* RateHistory.storyboard */,
				0A88A0AE2A8BDD13006C630F /* UserHome.storyboard */,
				0A88A0B22A8BDE88006C630F /* Statistics.storyboard */,
			);
			path = User;
			sourceTree = "<group>";
		};
		0ACF3C622A8BA16B000AA6CB /* Admin */ = {
			isa = PBXGroup;
			children = (
				0ACF3C642A8BA188000AA6CB /* MovieListViewController.swift */,
			);
			path = Admin;
			sourceTree = "<group>";
		};
		0ACF3C632A8BA172000AA6CB /* User */ = {
			isa = PBXGroup;
			children = (
			);
			path = User;
			sourceTree = "<group>";
		};
/* End PBXGroup section */

/* Begin PBXNativeTarget section */
		0ACF3C2D2A8B36EE000AA6CB /* MAD CW2 */ = {
			isa = PBXNativeTarget;
			buildConfigurationList = 0ACF3C422A8B36EF000AA6CB /* Build configuration list for PBXNativeTarget "MAD CW2" */;
			buildPhases = (
				0ACF3C2A2A8B36EE000AA6CB /* Sources */,
				0ACF3C2B2A8B36EE000AA6CB /* Frameworks */,
				0ACF3C2C2A8B36EE000AA6CB /* Resources */,
			);
			buildRules = (
			);
			dependencies = (
			);
			name = "MAD CW2";
			productName = "MAD CW2";
			productReference = 0ACF3C2E2A8B36EE000AA6CB /* MAD CW2.app */;
			productType = "com.apple.product-type.application";
		};
/* End PBXNativeTarget section */

/* Begin PBXProject section */
		0ACF3C262A8B36EE000AA6CB /* Project object */ = {
			isa = PBXProject;
			attributes = {
				BuildIndependentTargetsInParallel = 1;
				LastSwiftUpdateCheck = 1430;
				LastUpgradeCheck = 1430;
				TargetAttributes = {
					0ACF3C2D2A8B36EE000AA6CB = {
						CreatedOnToolsVersion = 14.3.1;
					};
				};
			};
			buildConfigurationList = 0ACF3C292A8B36EE000AA6CB /* Build configuration list for PBXProject "MAD CW2" */;
			compatibilityVersion = "Xcode 14.0";
			developmentRegion = en;
			hasScannedForEncodings = 0;
			knownRegions = (
				en,
				Base,
			);
			mainGroup = 0ACF3C252A8B36EE000AA6CB;
			productRefGroup = 0ACF3C2F2A8B36EE000AA6CB /* Products */;
			projectDirPath = "";
			projectRoot = "";
			targets = (
				0ACF3C2D2A8B36EE000AA6CB /* MAD CW2 */,
			);
		};
/* End PBXProject section */

/* Begin PBXResourcesBuildPhase section */
		0ACF3C2C2A8B36EE000AA6CB /* Resources */ = {
			isa = PBXResourcesBuildPhase;
			buildActionMask = 2147483647;
			files = (
				0ACF3C3E2A8B36EF000AA6CB /* LaunchScreen.storyboard in Resources */,
				0A88A0AD2A8BDCC9006C630F /* ChangePassword.storyboard in Resources */,
				0A88A0A92A8BDCAF006C630F /* FAQs.storyboard in Resources */,
				0A88A0B32A8BDE88006C630F /* Statistics.storyboard in Resources */,
				0ACF3C392A8B36EE000AA6CB /* Main.storyboard in Resources */,
				0ACF3C5F2A8B9EF7000AA6CB /* MovieList.storyboard in Resources */,
				0A88A0A42A8BDC61006C630F /* RateHistory.storyboard in Resources */,
				0A88A0AF2A8BDD13006C630F /* UserHome.storyboard in Resources */,
				0A88A0B82A8BE6D6006C630F /* settings-5-fill.svg in Resources */,
				0A88A09E2A8BDC37006C630F /* RateMovie.storyboard in Resources */,
				0ACF3C572A8B9803000AA6CB /* Login.storyboard in Resources */,
				0A88A0A22A8BDC56006C630F /* Favourites.storyboard in Resources */,
				0A88A0A02A8BDC48006C630F /* ViewMovie.storyboard in Resources */,
				0A88A0AB2A8BDCBC006C630F /* ManageAccount.storyboard in Resources */,
				0A88A0A72A8BDC9E006C630F /* Settings.storyboard in Resources */,
				0A88A0962A8BDBC2006C630F /* MovieDetail.storyboard in Resources */,
				0A88A0942A8BDA60006C630F /* Assets.xcassets in Resources */,
				0A88A09C2A8BDC29006C630F /* SearchMovie.storyboard in Resources */,
				0A88A0982A8BDBDE006C630F /* ManageMovie.storyboard in Resources */,
				0ACF3C512A8B7628000AA6CB /* Register.storyboard in Resources */,
				0A88A0B12A8BDD1F006C630F /* AdminHome.storyboard in Resources */,
			);
			runOnlyForDeploymentPostprocessing = 0;
		};
/* End PBXResourcesBuildPhase section */

/* Begin PBXSourcesBuildPhase section */
		0ACF3C2A2A8B36EE000AA6CB /* Sources */ = {
			isa = PBXSourcesBuildPhase;
			buildActionMask = 2147483647;
			files = (
				0ACF3C592A8B9AB3000AA6CB /* LoginViewController.swift in Sources */,
				0ACF3C362A8B36EE000AA6CB /* ViewController.swift in Sources */,
				0ACF3C4A2A8B4CD1000AA6CB /* Stadia.xcdatamodeld in Sources */,
				0ACF3C652A8BA188000AA6CB /* MovieListViewController.swift in Sources */,
				0ACF3C4F2A8B5D37000AA6CB /* GradientView.swift in Sources */,
				0ACF3C552A8B83D0000AA6CB /* RegisterViewController.swift in Sources */,
				0ACF3C322A8B36EE000AA6CB /* AppDelegate.swift in Sources */,
				0ACF3C342A8B36EE000AA6CB /* SceneDelegate.swift in Sources */,
				0A88A0B62A8BE444006C630F /* SettingsViewController.swift in Sources */,
			);
			runOnlyForDeploymentPostprocessing = 0;
		};
/* End PBXSourcesBuildPhase section */

/* Begin PBXVariantGroup section */
		0ACF3C372A8B36EE000AA6CB /* Main.storyboard */ = {
			isa = PBXVariantGroup;
			children = (
				0ACF3C382A8B36EE000AA6CB /* Base */,
			);
			name = Main.storyboard;
			sourceTree = "<group>";
		};
		0ACF3C3C2A8B36EF000AA6CB /* LaunchScreen.storyboard */ = {
			isa = PBXVariantGroup;
			children = (
				0ACF3C3D2A8B36EF000AA6CB /* Base */,
			);
			name = LaunchScreen.storyboard;
			sourceTree = "<group>";
		};
/* End PBXVariantGroup section */

/* Begin XCBuildConfiguration section */
		0ACF3C402A8B36EF000AA6CB /* Debug */ = {
			isa = XCBuildConfiguration;
			buildSettings = {
				ALWAYS_SEARCH_USER_PATHS = NO;
				CLANG_ANALYZER_NONNULL = YES;
				CLANG_ANALYZER_NUMBER_OBJECT_CONVERSION = YES_AGGRESSIVE;
				CLANG_CXX_LANGUAGE_STANDARD = "gnu++20";
				CLANG_ENABLE_MODULES = YES;
				CLANG_ENABLE_OBJC_ARC = YES;
				CLANG_ENABLE_OBJC_WEAK = YES;
				CLANG_WARN_BLOCK_CAPTURE_AUTORELEASING = YES;
				CLANG_WARN_BOOL_CONVERSION = YES;
				CLANG_WARN_COMMA = YES;
				CLANG_WARN_CONSTANT_CONVERSION = YES;
				CLANG_WARN_DEPRECATED_OBJC_IMPLEMENTATIONS = YES;
				CLANG_WARN_DIRECT_OBJC_ISA_USAGE = YES_ERROR;
				CLANG_WARN_DOCUMENTATION_COMMENTS = YES;
				CLANG_WARN_EMPTY_BODY = YES;
				CLANG_WARN_ENUM_CONVERSION = YES;
				CLANG_WARN_INFINITE_RECURSION = YES;
				CLANG_WARN_INT_CONVERSION = YES;
				CLANG_WARN_NON_LITERAL_NULL_CONVERSION = YES;
				CLANG_WARN_OBJC_IMPLICIT_RETAIN_SELF = YES;
				CLANG_WARN_OBJC_LITERAL_CONVERSION = YES;
				CLANG_WARN_OBJC_ROOT_CLASS = YES_ERROR;
				CLANG_WARN_QUOTED_INCLUDE_IN_FRAMEWORK_HEADER = YES;
				CLANG_WARN_RANGE_LOOP_ANALYSIS = YES;
				CLANG_WARN_STRICT_PROTOTYPES = YES;
				CLANG_WARN_SUSPICIOUS_MOVE = YES;
				CLANG_WARN_UNGUARDED_AVAILABILITY = YES_AGGRESSIVE;
				CLANG_WARN_UNREACHABLE_CODE = YES;
				CLANG_WARN__DUPLICATE_METHOD_MATCH = YES;
				COPY_PHASE_STRIP = NO;
				DEBUG_INFORMATION_FORMAT = dwarf;
				ENABLE_STRICT_OBJC_MSGSEND = YES;
				ENABLE_TESTABILITY = YES;
				GCC_C_LANGUAGE_STANDARD = gnu11;
				GCC_DYNAMIC_NO_PIC = NO;
				GCC_NO_COMMON_BLOCKS = YES;
				GCC_OPTIMIZATION_LEVEL = 0;
				GCC_PREPROCESSOR_DEFINITIONS = (
					"DEBUG=1",
					"$(inherited)",
				);
				GCC_WARN_64_TO_32_BIT_CONVERSION = YES;
				GCC_WARN_ABOUT_RETURN_TYPE = YES_ERROR;
				GCC_WARN_UNDECLARED_SELECTOR = YES;
				GCC_WARN_UNINITIALIZED_AUTOS = YES_AGGRESSIVE;
				GCC_WARN_UNUSED_FUNCTION = YES;
				GCC_WARN_UNUSED_VARIABLE = YES;
				IPHONEOS_DEPLOYMENT_TARGET = 16.4;
				MTL_ENABLE_DEBUG_INFO = INCLUDE_SOURCE;
				MTL_FAST_MATH = YES;
				ONLY_ACTIVE_ARCH = YES;
				SDKROOT = iphoneos;
				SWIFT_ACTIVE_COMPILATION_CONDITIONS = DEBUG;
				SWIFT_OPTIMIZATION_LEVEL = "-Onone";
			};
			name = Debug;
		};
		0ACF3C412A8B36EF000AA6CB /* Release */ = {
			isa = XCBuildConfiguration;
			buildSettings = {
				ALWAYS_SEARCH_USER_PATHS = NO;
				CLANG_ANALYZER_NONNULL = YES;
				CLANG_ANALYZER_NUMBER_OBJECT_CONVERSION = YES_AGGRESSIVE;
				CLANG_CXX_LANGUAGE_STANDARD = "gnu++20";
				CLANG_ENABLE_MODULES = YES;
				CLANG_ENABLE_OBJC_ARC = YES;
				CLANG_ENABLE_OBJC_WEAK = YES;
				CLANG_WARN_BLOCK_CAPTURE_AUTORELEASING = YES;
				CLANG_WARN_BOOL_CONVERSION = YES;
				CLANG_WARN_COMMA = YES;
				CLANG_WARN_CONSTANT_CONVERSION = YES;
				CLANG_WARN_DEPRECATED_OBJC_IMPLEMENTATIONS = YES;
				CLANG_WARN_DIRECT_OBJC_ISA_USAGE = YES_ERROR;
				CLANG_WARN_DOCUMENTATION_COMMENTS = YES;
				CLANG_WARN_EMPTY_BODY = YES;
				CLANG_WARN_ENUM_CONVERSION = YES;
				CLANG_WARN_INFINITE_RECURSION = YES;
				CLANG_WARN_INT_CONVERSION = YES;
				CLANG_WARN_NON_LITERAL_NULL_CONVERSION = YES;
				CLANG_WARN_OBJC_IMPLICIT_RETAIN_SELF = YES;
				CLANG_WARN_OBJC_LITERAL_CONVERSION = YES;
				CLANG_WARN_OBJC_ROOT_CLASS = YES_ERROR;
				CLANG_WARN_QUOTED_INCLUDE_IN_FRAMEWORK_HEADER = YES;
				CLANG_WARN_RANGE_LOOP_ANALYSIS = YES;
				CLANG_WARN_STRICT_PROTOTYPES = YES;
				CLANG_WARN_SUSPICIOUS_MOVE = YES;
				CLANG_WARN_UNGUARDED_AVAILABILITY = YES_AGGRESSIVE;
				CLANG_WARN_UNREACHABLE_CODE = YES;
				CLANG_WARN__DUPLICATE_METHOD_MATCH = YES;
				COPY_PHASE_STRIP = NO;
				DEBUG_INFORMATION_FORMAT = "dwarf-with-dsym";
				ENABLE_NS_ASSERTIONS = NO;
				ENABLE_STRICT_OBJC_MSGSEND = YES;
				GCC_C_LANGUAGE_STANDARD = gnu11;
				GCC_NO_COMMON_BLOCKS = YES;
				GCC_WARN_64_TO_32_BIT_CONVERSION = YES;
				GCC_WARN_ABOUT_RETURN_TYPE = YES_ERROR;
				GCC_WARN_UNDECLARED_SELECTOR = YES;
				GCC_WARN_UNINITIALIZED_AUTOS = YES_AGGRESSIVE;
				GCC_WARN_UNUSED_FUNCTION = YES;
				GCC_WARN_UNUSED_VARIABLE = YES;
				IPHONEOS_DEPLOYMENT_TARGET = 16.4;
				MTL_ENABLE_DEBUG_INFO = NO;
				MTL_FAST_MATH = YES;
				SDKROOT = iphoneos;
				SWIFT_COMPILATION_MODE = wholemodule;
				SWIFT_OPTIMIZATION_LEVEL = "-O";
				VALIDATE_PRODUCT = YES;
			};
			name = Release;
		};
		0ACF3C432A8B36EF000AA6CB /* Debug */ = {
			isa = XCBuildConfiguration;
			buildSettings = {
				ASSETCATALOG_COMPILER_APPICON_NAME = AppIcon;
				ASSETCATALOG_COMPILER_GLOBAL_ACCENT_COLOR_NAME = AccentColor;
				CODE_SIGN_STYLE = Automatic;
				CURRENT_PROJECT_VERSION = 1;
				GENERATE_INFOPLIST_FILE = YES;
				INFOPLIST_FILE = "MAD CW2/Info.plist";
				INFOPLIST_KEY_UIApplicationSupportsIndirectInputEvents = YES;
				INFOPLIST_KEY_UILaunchStoryboardName = LaunchScreen;
				INFOPLIST_KEY_UIMainStoryboardFile = Main;
				INFOPLIST_KEY_UISupportedInterfaceOrientations_iPad = "UIInterfaceOrientationPortrait UIInterfaceOrientationPortraitUpsideDown UIInterfaceOrientationLandscapeLeft UIInterfaceOrientationLandscapeRight";
				INFOPLIST_KEY_UISupportedInterfaceOrientations_iPhone = "UIInterfaceOrientationPortrait UIInterfaceOrientationLandscapeLeft UIInterfaceOrientationLandscapeRight";
				LD_RUNPATH_SEARCH_PATHS = (
					"$(inherited)",
					"@executable_path/Frameworks",
				);
				MARKETING_VERSION = 1.0;
				PRODUCT_BUNDLE_IDENTIFIER = "iit.20221788.MAD-CW2";
				PRODUCT_NAME = "$(TARGET_NAME)";
				SWIFT_EMIT_LOC_STRINGS = YES;
				SWIFT_VERSION = 5.0;
				TARGETED_DEVICE_FAMILY = "1,2";
			};
			name = Debug;
		};
		0ACF3C442A8B36EF000AA6CB /* Release */ = {
			isa = XCBuildConfiguration;
			buildSettings = {
				ASSETCATALOG_COMPILER_APPICON_NAME = AppIcon;
				ASSETCATALOG_COMPILER_GLOBAL_ACCENT_COLOR_NAME = AccentColor;
				CODE_SIGN_STYLE = Automatic;
				CURRENT_PROJECT_VERSION = 1;
				GENERATE_INFOPLIST_FILE = YES;
				INFOPLIST_FILE = "MAD CW2/Info.plist";
				INFOPLIST_KEY_UIApplicationSupportsIndirectInputEvents = YES;
				INFOPLIST_KEY_UILaunchStoryboardName = LaunchScreen;
				INFOPLIST_KEY_UIMainStoryboardFile = Main;
				INFOPLIST_KEY_UISupportedInterfaceOrientations_iPad = "UIInterfaceOrientationPortrait UIInterfaceOrientationPortraitUpsideDown UIInterfaceOrientationLandscapeLeft UIInterfaceOrientationLandscapeRight";
				INFOPLIST_KEY_UISupportedInterfaceOrientations_iPhone = "UIInterfaceOrientationPortrait UIInterfaceOrientationLandscapeLeft UIInterfaceOrientationLandscapeRight";
				LD_RUNPATH_SEARCH_PATHS = (
					"$(inherited)",
					"@executable_path/Frameworks",
				);
				MARKETING_VERSION = 1.0;
				PRODUCT_BUNDLE_IDENTIFIER = "iit.20221788.MAD-CW2";
				PRODUCT_NAME = "$(TARGET_NAME)";
				SWIFT_EMIT_LOC_STRINGS = YES;
				SWIFT_VERSION = 5.0;
				TARGETED_DEVICE_FAMILY = "1,2";
			};
			name = Release;
		};
/* End XCBuildConfiguration section */

/* Begin XCConfigurationList section */
		0ACF3C292A8B36EE000AA6CB /* Build configuration list for PBXProject "MAD CW2" */ = {
			isa = XCConfigurationList;
			buildConfigurations = (
				0ACF3C402A8B36EF000AA6CB /* Debug */,
				0ACF3C412A8B36EF000AA6CB /* Release */,
			);
			defaultConfigurationIsVisible = 0;
			defaultConfigurationName = Release;
		};
		0ACF3C422A8B36EF000AA6CB /* Build configuration list for PBXNativeTarget "MAD CW2" */ = {
			isa = XCConfigurationList;
			buildConfigurations = (
				0ACF3C432A8B36EF000AA6CB /* Debug */,
				0ACF3C442A8B36EF000AA6CB /* Release */,
			);
			defaultConfigurationIsVisible = 0;
			defaultConfigurationName = Release;
		};
/* End XCConfigurationList section */

/* Begin XCVersionGroup section */
		0ACF3C482A8B4CD1000AA6CB /* Stadia.xcdatamodeld */ = {
			isa = XCVersionGroup;
			children = (
				0ACF3C492A8B4CD1000AA6CB /* Stadia.xcdatamodel */,
			);
			currentVersion = 0ACF3C492A8B4CD1000AA6CB /* Stadia.xcdatamodel */;
			path = Stadia.xcdatamodeld;
			sourceTree = "<group>";
			versionGroupType = wrapper.xcdatamodel;
		};
/* End XCVersionGroup section */
	};
	rootObject = 0ACF3C262A8B36EE000AA6CB /* Project object */;
}
